
Microsoft Visual Studio Solution File, Format Version 12.00
# Visual Studio 15
VisualStudioVersion = 15.0.28307.779
MinimumVisualStudioVersion = 10.0.40219.1
Project("{9A19103F-16F7-4668-BE54-9A1E7A4F7556}") = "BookApp", "WebApplication1\BookApp.csproj", "{6D61D0DC-F896-413B-810D-7F47B187C8EA}"
EndProject
Project("{9A19103F-16F7-4668-BE54-9A1E7A4F7556}") = "BookServices", "BookServices\BookServices.csproj", "{32DC151C-4DD0-4047-A1B9-43AC9841F40A}"
EndProject
Global
	GlobalSection(SolutionConfigurationPlatforms) = preSolution
		Debug|Any CPU = Debug|Any CPU
		Release|Any CPU = Release|Any CPU
	EndGlobalSection
	GlobalSection(ProjectConfigurationPlatforms) = postSolution
		{6D61D0DC-F896-413B-810D-7F47B187C8EA}.Debug|Any CPU.ActiveCfg = Debug|Any CPU
		{6D61D0DC-F896-413B-810D-7F47B187C8EA}.Debug|Any CPU.Build.0 = Debug|Any CPU
		{6D61D0DC-F896-413B-810D-7F47B187C8EA}.Release|Any CPU.ActiveCfg = Release|Any CPU
		{6D61D0DC-F896-413B-810D-7F47B187C8EA}.Release|Any CPU.Build.0 = Release|Any CPU
		{32DC151C-4DD0-4047-A1B9-43AC9841F40A}.Debug|Any CPU.ActiveCfg = Debug|Any CPU
		{32DC151C-4DD0-4047-A1B9-43AC9841F40A}.Debug|Any CPU.Build.0 = Debug|Any CPU
		{32DC151C-4DD0-4047-A1B9-43AC9841F40A}.Release|Any CPU.ActiveCfg = Release|Any CPU
		{32DC151C-4DD0-4047-A1B9-43AC9841F40A}.Release|Any CPU.Build.0 = Release|Any CPU
	EndGlobalSection
	GlobalSection(SolutionProperties) = preSolution
		HideSolutionNode = FALSE
	EndGlobalSection
	GlobalSection(ExtensibilityGlobals) = postSolution
		SolutionGuid = {2994F42B-721F-4AC1-8ECC-010E9F074A31}
	EndGlobalSection
EndGlobal
